// !$*UTF8*$!
{
	archiveVersion = 1;
	classes = {
	};
	objectVersion = 55;
	objects = {

/* Begin PBXBuildFile section */
		7F73D7CA344C2BFDB678F512 /* Pods_instaClone.framework in Frameworks */ = {isa = PBXBuildFile; fileRef = 7880673EF9CED35FF874667D /* Pods_instaClone.framework */; };
		BD1C898627EF433300292DD1 /* AppDelegate.swift in Sources */ = {isa = PBXBuildFile; fileRef = BD1C898527EF433300292DD1 /* AppDelegate.swift */; };
		BD1C898827EF433300292DD1 /* SceneDelegate.swift in Sources */ = {isa = PBXBuildFile; fileRef = BD1C898727EF433300292DD1 /* SceneDelegate.swift */; };
		BD1C898A27EF433300292DD1 /* HomeViewController.swift in Sources */ = {isa = PBXBuildFile; fileRef = BD1C898927EF433300292DD1 /* HomeViewController.swift */; };
		BD1C898D27EF433300292DD1 /* Main.storyboard in Resources */ = {isa = PBXBuildFile; fileRef = BD1C898B27EF433300292DD1 /* Main.storyboard */; };
		BD1C898F27EF433500292DD1 /* Assets.xcassets in Resources */ = {isa = PBXBuildFile; fileRef = BD1C898E27EF433500292DD1 /* Assets.xcassets */; };
		BD1C899227EF433500292DD1 /* LaunchScreen.storyboard in Resources */ = {isa = PBXBuildFile; fileRef = BD1C899027EF433500292DD1 /* LaunchScreen.storyboard */; };
		BD1C89A027EF49D300292DD1 /* ExploreViewController.swift in Sources */ = {isa = PBXBuildFile; fileRef = BD1C899F27EF49D300292DD1 /* ExploreViewController.swift */; };
		BD1C89A227EF49E600292DD1 /* CameraViewController.swift in Sources */ = {isa = PBXBuildFile; fileRef = BD1C89A127EF49E600292DD1 /* CameraViewController.swift */; };
		BD1C89A427EF49F800292DD1 /* NotificationViewController.swift in Sources */ = {isa = PBXBuildFile; fileRef = BD1C89A327EF49F800292DD1 /* NotificationViewController.swift */; };
		BD1C89A627EF4A0600292DD1 /* ProfileViewController.swift in Sources */ = {isa = PBXBuildFile; fileRef = BD1C89A527EF4A0600292DD1 /* ProfileViewController.swift */; };
		BD1C89AA27EF4A6200292DD1 /* LoginViewController.swift in Sources */ = {isa = PBXBuildFile; fileRef = BD1C89A927EF4A6200292DD1 /* LoginViewController.swift */; };
		BD1C89AC27EF4A7E00292DD1 /* RegistrationViewController.swift in Sources */ = {isa = PBXBuildFile; fileRef = BD1C89AB27EF4A7E00292DD1 /* RegistrationViewController.swift */; };
		BD1C89AE27EF4AB900292DD1 /* PostViewController.swift in Sources */ = {isa = PBXBuildFile; fileRef = BD1C89AD27EF4AB900292DD1 /* PostViewController.swift */; };
		BD1C89B027EF4AFC00292DD1 /* EditProfileViewController.swift in Sources */ = {isa = PBXBuildFile; fileRef = BD1C89AF27EF4AFC00292DD1 /* EditProfileViewController.swift */; };
		BD1C89B227EF4B1500292DD1 /* SettingsViewController.swift in Sources */ = {isa = PBXBuildFile; fileRef = BD1C89B127EF4B1500292DD1 /* SettingsViewController.swift */; };
		BD1C89B427EF4B3A00292DD1 /* ListViewController.swift in Sources */ = {isa = PBXBuildFile; fileRef = BD1C89B327EF4B3A00292DD1 /* ListViewController.swift */; };
		BD1C89B627EF4B6100292DD1 /* SearchViewController.swift in Sources */ = {isa = PBXBuildFile; fileRef = BD1C89B527EF4B6100292DD1 /* SearchViewController.swift */; };
		BD1C89B827EF4B8400292DD1 /* SearchResultViewController.swift in Sources */ = {isa = PBXBuildFile; fileRef = BD1C89B727EF4B8400292DD1 /* SearchResultViewController.swift */; };
		BD1C89BA27EF4BC300292DD1 /* PostEditorViewController.swift in Sources */ = {isa = PBXBuildFile; fileRef = BD1C89B927EF4BC300292DD1 /* PostEditorViewController.swift */; };
		BD1C89BC27EF4BE800292DD1 /* PublishPostViewController.swift in Sources */ = {isa = PBXBuildFile; fileRef = BD1C89BB27EF4BE700292DD1 /* PublishPostViewController.swift */; };
		BD90915127EF7B7E009F4E59 /* GoogleService-Info.plist in Resources */ = {isa = PBXBuildFile; fileRef = BD90915027EF7B7E009F4E59 /* GoogleService-Info.plist */; };
/* End PBXBuildFile section */

/* Begin PBXFileReference section */
		2DF002123C5F44B3CC83D762 /* Pods-instaClone.release.xcconfig */ = {isa = PBXFileReference; includeInIndex = 1; lastKnownFileType = text.xcconfig; name = "Pods-instaClone.release.xcconfig"; path = "Target Support Files/Pods-instaClone/Pods-instaClone.release.xcconfig"; sourceTree = "<group>"; };
		61F77BF3BF949673AC1D96A8 /* Pods-instaClone.debug.xcconfig */ = {isa = PBXFileReference; includeInIndex = 1; lastKnownFileType = text.xcconfig; name = "Pods-instaClone.debug.xcconfig"; path = "Target Support Files/Pods-instaClone/Pods-instaClone.debug.xcconfig"; sourceTree = "<group>"; };
		7880673EF9CED35FF874667D /* Pods_instaClone.framework */ = {isa = PBXFileReference; explicitFileType = wrapper.framework; includeInIndex = 0; path = Pods_instaClone.framework; sourceTree = BUILT_PRODUCTS_DIR; };
		BD1C898227EF433300292DD1 /* instaClone.app */ = {isa = PBXFileReference; explicitFileType = wrapper.application; includeInIndex = 0; path = instaClone.app; sourceTree = BUILT_PRODUCTS_DIR; };
		BD1C898527EF433300292DD1 /* AppDelegate.swift */ = {isa = PBXFileReference; lastKnownFileType = sourcecode.swift; path = AppDelegate.swift; sourceTree = "<group>"; };
		BD1C898727EF433300292DD1 /* SceneDelegate.swift */ = {isa = PBXFileReference; lastKnownFileType = sourcecode.swift; path = SceneDelegate.swift; sourceTree = "<group>"; };
		BD1C898927EF433300292DD1 /* HomeViewController.swift */ = {isa = PBXFileReference; lastKnownFileType = sourcecode.swift; path = HomeViewController.swift; sourceTree = "<group>"; };
		BD1C898C27EF433300292DD1 /* Base */ = {isa = PBXFileReference; lastKnownFileType = file.storyboard; name = Base; path = Base.lproj/Main.storyboard; sourceTree = "<group>"; };
		BD1C898E27EF433500292DD1 /* Assets.xcassets */ = {isa = PBXFileReference; lastKnownFileType = folder.assetcatalog; path = Assets.xcassets; sourceTree = "<group>"; };
		BD1C899127EF433500292DD1 /* Base */ = {isa = PBXFileReference; lastKnownFileType = file.storyboard; name = Base; path = Base.lproj/LaunchScreen.storyboard; sourceTree = "<group>"; };
		BD1C899327EF433500292DD1 /* Info.plist */ = {isa = PBXFileReference; lastKnownFileType = text.plist.xml; path = Info.plist; sourceTree = "<group>"; };
		BD1C899F27EF49D300292DD1 /* ExploreViewController.swift */ = {isa = PBXFileReference; lastKnownFileType = sourcecode.swift; path = ExploreViewController.swift; sourceTree = "<group>"; };
		BD1C89A127EF49E600292DD1 /* CameraViewController.swift */ = {isa = PBXFileReference; lastKnownFileType = sourcecode.swift; path = CameraViewController.swift; sourceTree = "<group>"; };
		BD1C89A327EF49F800292DD1 /* NotificationViewController.swift */ = {isa = PBXFileReference; lastKnownFileType = sourcecode.swift; path = NotificationViewController.swift; sourceTree = "<group>"; };
		BD1C89A527EF4A0600292DD1 /* ProfileViewController.swift */ = {isa = PBXFileReference; lastKnownFileType = sourcecode.swift; path = ProfileViewController.swift; sourceTree = "<group>"; };
		BD1C89A927EF4A6200292DD1 /* LoginViewController.swift */ = {isa = PBXFileReference; lastKnownFileType = sourcecode.swift; path = LoginViewController.swift; sourceTree = "<group>"; };
		BD1C89AB27EF4A7E00292DD1 /* RegistrationViewController.swift */ = {isa = PBXFileReference; lastKnownFileType = sourcecode.swift; path = RegistrationViewController.swift; sourceTree = "<group>"; };
		BD1C89AD27EF4AB900292DD1 /* PostViewController.swift */ = {isa = PBXFileReference; lastKnownFileType = sourcecode.swift; path = PostViewController.swift; sourceTree = "<group>"; };
		BD1C89AF27EF4AFC00292DD1 /* EditProfileViewController.swift */ = {isa = PBXFileReference; lastKnownFileType = sourcecode.swift; path = EditProfileViewController.swift; sourceTree = "<group>"; };
		BD1C89B127EF4B1500292DD1 /* SettingsViewController.swift */ = {isa = PBXFileReference; lastKnownFileType = sourcecode.swift; path = SettingsViewController.swift; sourceTree = "<group>"; };
		BD1C89B327EF4B3A00292DD1 /* ListViewController.swift */ = {isa = PBXFileReference; lastKnownFileType = sourcecode.swift; path = ListViewController.swift; sourceTree = "<group>"; };
		BD1C89B527EF4B6100292DD1 /* SearchViewController.swift */ = {isa = PBXFileReference; lastKnownFileType = sourcecode.swift; path = SearchViewController.swift; sourceTree = "<group>"; };
		BD1C89B727EF4B8400292DD1 /* SearchResultViewController.swift */ = {isa = PBXFileReference; lastKnownFileType = sourcecode.swift; path = SearchResultViewController.swift; sourceTree = "<group>"; };
		BD1C89B927EF4BC300292DD1 /* PostEditorViewController.swift */ = {isa = PBXFileReference; lastKnownFileType = sourcecode.swift; path = PostEditorViewController.swift; sourceTree = "<group>"; };
		BD1C89BB27EF4BE700292DD1 /* PublishPostViewController.swift */ = {isa = PBXFileReference; lastKnownFileType = sourcecode.swift; path = PublishPostViewController.swift; sourceTree = "<group>"; };
		BD90915027EF7B7E009F4E59 /* GoogleService-Info.plist */ = {isa = PBXFileReference; fileEncoding = 4; lastKnownFileType = text.plist.xml; path = "GoogleService-Info.plist"; sourceTree = "<group>"; };
/* End PBXFileReference section */

/* Begin PBXFrameworksBuildPhase section */
		BD1C897F27EF433300292DD1 /* Frameworks */ = {
			isa = PBXFrameworksBuildPhase;
			buildActionMask = 2147483647;
			files = (
				7F73D7CA344C2BFDB678F512 /* Pods_instaClone.framework in Frameworks */,
			);
			runOnlyForDeploymentPostprocessing = 0;
		};
/* End PBXFrameworksBuildPhase section */

/* Begin PBXGroup section */
		163FF6EDF5274A88866BA3A5 /* Frameworks */ = {
			isa = PBXGroup;
			children = (
				7880673EF9CED35FF874667D /* Pods_instaClone.framework */,
			);
			name = Frameworks;
			sourceTree = "<group>";
		};
		244D961A5EE76FFFF14B804A /* Pods */ = {
			isa = PBXGroup;
			children = (
				61F77BF3BF949673AC1D96A8 /* Pods-instaClone.debug.xcconfig */,
				2DF002123C5F44B3CC83D762 /* Pods-instaClone.release.xcconfig */,
			);
			path = Pods;
			sourceTree = "<group>";
		};
		BD1C897927EF433300292DD1 = {
			isa = PBXGroup;
			children = (
				BD1C898427EF433300292DD1 /* instaClone */,
				BD1C898327EF433300292DD1 /* Products */,
				244D961A5EE76FFFF14B804A /* Pods */,
				163FF6EDF5274A88866BA3A5 /* Frameworks */,
			);
			sourceTree = "<group>";
		};
		BD1C898327EF433300292DD1 /* Products */ = {
			isa = PBXGroup;
			children = (
				BD1C898227EF433300292DD1 /* instaClone.app */,
			);
			name = Products;
			sourceTree = "<group>";
		};
		BD1C898427EF433300292DD1 /* instaClone */ = {
			isa = PBXGroup;
			children = (
				BD1C899C27EF47CB00292DD1 /* Resourses */,
				BD1C899927EF476F00292DD1 /* Models */,
				BD1C899B27EF477F00292DD1 /* Views */,
				BD1C899A27EF477700292DD1 /* Controllers */,
				BD1C899327EF433500292DD1 /* Info.plist */,
			);
			path = instaClone;
			sourceTree = "<group>";
		};
		BD1C899927EF476F00292DD1 /* Models */ = {
			isa = PBXGroup;
			children = (
			);
			path = Models;
			sourceTree = "<group>";
		};
		BD1C899A27EF477700292DD1 /* Controllers */ = {
			isa = PBXGroup;
			children = (
				BD1C89A727EF4A3200292DD1 /* Otnhers */,
				BD1C899E27EF49B300292DD1 /* CoreTAbs */,
			);
			path = Controllers;
			sourceTree = "<group>";
		};
		BD1C899B27EF477F00292DD1 /* Views */ = {
			isa = PBXGroup;
			children = (
				BD1C898E27EF433500292DD1 /* Assets.xcassets */,
				BD1C899D27EF483E00292DD1 /* Storyboards */,
			);
			path = Views;
			sourceTree = "<group>";
		};
		BD1C899C27EF47CB00292DD1 /* Resourses */ = {
			isa = PBXGroup;
			children = (
				BD1C898527EF433300292DD1 /* AppDelegate.swift */,
				BD1C898727EF433300292DD1 /* SceneDelegate.swift */,
				BD90915027EF7B7E009F4E59 /* GoogleService-Info.plist */,
			);
			path = Resourses;
			sourceTree = "<group>";
		};
		BD1C899D27EF483E00292DD1 /* Storyboards */ = {
			isa = PBXGroup;
			children = (
				BD1C898B27EF433300292DD1 /* Main.storyboard */,
				BD1C899027EF433500292DD1 /* LaunchScreen.storyboard */,
			);
			path = Storyboards;
			sourceTree = "<group>";
		};
		BD1C899E27EF49B300292DD1 /* CoreTAbs */ = {
			isa = PBXGroup;
			children = (
				BD1C898927EF433300292DD1 /* HomeViewController.swift */,
				BD1C899F27EF49D300292DD1 /* ExploreViewController.swift */,
				BD1C89A127EF49E600292DD1 /* CameraViewController.swift */,
				BD1C89A327EF49F800292DD1 /* NotificationViewController.swift */,
				BD1C89A527EF4A0600292DD1 /* ProfileViewController.swift */,
			);
			path = CoreTAbs;
			sourceTree = "<group>";
		};
		BD1C89A727EF4A3200292DD1 /* Otnhers */ = {
			isa = PBXGroup;
			children = (
				BD1C89AD27EF4AB900292DD1 /* PostViewController.swift */,
				BD1C89B127EF4B1500292DD1 /* SettingsViewController.swift */,
				BD1C89B527EF4B6100292DD1 /* SearchViewController.swift */,
				BD1C89B927EF4BC300292DD1 /* PostEditorViewController.swift */,
				BD1C89B327EF4B3A00292DD1 /* ListViewController.swift */,
				BD1C89BB27EF4BE700292DD1 /* PublishPostViewController.swift */,
				BD1C89B727EF4B8400292DD1 /* SearchResultViewController.swift */,
				BD1C89AF27EF4AFC00292DD1 /* EditProfileViewController.swift */,
				BD1C89A827EF4A4500292DD1 /* Onboarding */,
			);
			path = Otnhers;
			sourceTree = "<group>";
		};
		BD1C89A827EF4A4500292DD1 /* Onboarding */ = {
			isa = PBXGroup;
			children = (
				BD1C89A927EF4A6200292DD1 /* LoginViewController.swift */,
				BD1C89AB27EF4A7E00292DD1 /* RegistrationViewController.swift */,
			);
			path = Onboarding;
			sourceTree = "<group>";
		};
/* End PBXGroup section */

/* Begin PBXNativeTarget section */
		BD1C898127EF433300292DD1 /* instaClone */ = {
			isa = PBXNativeTarget;
			buildConfigurationList = BD1C899627EF433500292DD1 /* Build configuration list for PBXNativeTarget "instaClone" */;
			buildPhases = (
				80045B480B8D16AC8F6BBA23 /* [CP] Check Pods Manifest.lock */,
				BD1C897E27EF433300292DD1 /* Sources */,
				BD1C897F27EF433300292DD1 /* Frameworks */,
				BD1C898027EF433300292DD1 /* Resources */,
				65EAA8E394FD9A36E7A3FB45 /* [CP] Embed Pods Frameworks */,
			);
			buildRules = (
			);
			dependencies = (
			);
			name = instaClone;
			productName = instaClone;
			productReference = BD1C898227EF433300292DD1 /* instaClone.app */;
			productType = "com.apple.product-type.application";
		};
/* End PBXNativeTarget section */

/* Begin PBXProject section */
		BD1C897A27EF433300292DD1 /* Project object */ = {
			isa = PBXProject;
			attributes = {
				BuildIndependentTargetsInParallel = 1;
				LastSwiftUpdateCheck = 1330;
				LastUpgradeCheck = 1330;
				TargetAttributes = {
					BD1C898127EF433300292DD1 = {
						CreatedOnToolsVersion = 13.3;
					};
				};
			};
			buildConfigurationList = BD1C897D27EF433300292DD1 /* Build configuration list for PBXProject "instaClone" */;
			compatibilityVersion = "Xcode 13.0";
			developmentRegion = en;
			hasScannedForEncodings = 0;
			knownRegions = (
				en,
				Base,
			);
			mainGroup = BD1C897927EF433300292DD1;
			productRefGroup = BD1C898327EF433300292DD1 /* Products */;
			projectDirPath = "";
			projectRoot = "";
			targets = (
				BD1C898127EF433300292DD1 /* instaClone */,
			);
		};
/* End PBXProject section */

/* Begin PBXResourcesBuildPhase section */
		BD1C898027EF433300292DD1 /* Resources */ = {
			isa = PBXResourcesBuildPhase;
			buildActionMask = 2147483647;
			files = (
				BD1C899227EF433500292DD1 /* LaunchScreen.storyboard in Resources */,
				BD90915127EF7B7E009F4E59 /* GoogleService-Info.plist in Resources */,
				BD1C898F27EF433500292DD1 /* Assets.xcassets in Resources */,
				BD1C898D27EF433300292DD1 /* Main.storyboard in Resources */,
			);
			runOnlyForDeploymentPostprocessing = 0;
		};
/* End PBXResourcesBuildPhase section */

/* Begin PBXShellScriptBuildPhase section */
		65EAA8E394FD9A36E7A3FB45 /* [CP] Embed Pods Frameworks */ = {
			isa = PBXShellScriptBuildPhase;
			buildActionMask = 2147483647;
			files = (
			);
			inputFileListPaths = (
				"${PODS_ROOT}/Target Support Files/Pods-instaClone/Pods-instaClone-frameworks-${CONFIGURATION}-input-files.xcfilelist",
			);
			name = "[CP] Embed Pods Frameworks";
			outputFileListPaths = (
				"${PODS_ROOT}/Target Support Files/Pods-instaClone/Pods-instaClone-frameworks-${CONFIGURATION}-output-files.xcfilelist",
			);
			runOnlyForDeploymentPostprocessing = 0;
			shellPath = /bin/sh;
			shellScript = "\"${PODS_ROOT}/Target Support Files/Pods-instaClone/Pods-instaClone-frameworks.sh\"\n";
			showEnvVarsInLog = 0;
		};
		80045B480B8D16AC8F6BBA23 /* [CP] Check Pods Manifest.lock */ = {
			isa = PBXShellScriptBuildPhase;
			buildActionMask = 2147483647;
			files = (
			);
			inputFileListPaths = (
			);
			inputPaths = (
				"${PODS_PODFILE_DIR_PATH}/Podfile.lock",
				"${PODS_ROOT}/Manifest.lock",
			);
			name = "[CP] Check Pods Manifest.lock";
			outputFileListPaths = (
			);
			outputPaths = (
				"$(DERIVED_FILE_DIR)/Pods-instaClone-checkManifestLockResult.txt",
			);
			runOnlyForDeploymentPostprocessing = 0;
			shellPath = /bin/sh;
			shellScript = "diff \"${PODS_PODFILE_DIR_PATH}/Podfile.lock\" \"${PODS_ROOT}/Manifest.lock\" > /dev/null\nif [ $? != 0 ] ; then\n    # print error to STDERR\n    echo \"error: The sandbox is not in sync with the Podfile.lock. Run 'pod install' or update your CocoaPods installation.\" >&2\n    exit 1\nfi\n# This output is used by Xcode 'outputs' to avoid re-running this script phase.\necho \"SUCCESS\" > \"${SCRIPT_OUTPUT_FILE_0}\"\n";
			showEnvVarsInLog = 0;
		};
/* End PBXShellScriptBuildPhase section */

/* Begin PBXSourcesBuildPhase section */
		BD1C897E27EF433300292DD1 /* Sources */ = {
			isa = PBXSourcesBuildPhase;
			buildActionMask = 2147483647;
			files = (
				BD1C89B027EF4AFC00292DD1 /* EditProfileViewController.swift in Sources */,
				BD1C89A027EF49D300292DD1 /* ExploreViewController.swift in Sources */,
				BD1C89BC27EF4BE800292DD1 /* PublishPostViewController.swift in Sources */,
				BD1C89A227EF49E600292DD1 /* CameraViewController.swift in Sources */,
				BD1C89A427EF49F800292DD1 /* NotificationViewController.swift in Sources */,
				BD1C89AC27EF4A7E00292DD1 /* RegistrationViewController.swift in Sources */,
				BD1C89BA27EF4BC300292DD1 /* PostEditorViewController.swift in Sources */,
				BD1C89AE27EF4AB900292DD1 /* PostViewController.swift in Sources */,
				BD1C898A27EF433300292DD1 /* HomeViewController.swift in Sources */,
				BD1C89B827EF4B8400292DD1 /* SearchResultViewController.swift in Sources */,
				BD1C89AA27EF4A6200292DD1 /* LoginViewController.swift in Sources */,
				BD1C89B627EF4B6100292DD1 /* SearchViewController.swift in Sources */,
				BD1C89A627EF4A0600292DD1 /* ProfileViewController.swift in Sources */,
				BD1C898627EF433300292DD1 /* AppDelegate.swift in Sources */,
				BD1C898827EF433300292DD1 /* SceneDelegate.swift in Sources */,
				BD1C89B427EF4B3A00292DD1 /* ListViewController.swift in Sources */,
				BD1C89B227EF4B1500292DD1 /* SettingsViewController.swift in Sources */,
			);
			runOnlyForDeploymentPostprocessing = 0;
		};
/* End PBXSourcesBuildPhase section */

/* Begin PBXVariantGroup section */
		BD1C898B27EF433300292DD1 /* Main.storyboard */ = {
			isa = PBXVariantGroup;
			children = (
				BD1C898C27EF433300292DD1 /* Base */,
			);
			name = Main.storyboard;
			sourceTree = "<group>";
		};
		BD1C899027EF433500292DD1 /* LaunchScreen.storyboard */ = {
			isa = PBXVariantGroup;
			children = (
				BD1C899127EF433500292DD1 /* Base */,
			);
			name = LaunchScreen.storyboard;
			sourceTree = "<group>";
		};
/* End PBXVariantGroup section */

/* Begin XCBuildConfiguration section */
		BD1C899427EF433500292DD1 /* Debug */ = {
			isa = XCBuildConfiguration;
			buildSettings = {
				ALWAYS_SEARCH_USER_PATHS = NO;
				CLANG_ANALYZER_NONNULL = YES;
				CLANG_ANALYZER_NUMBER_OBJECT_CONVERSION = YES_AGGRESSIVE;
				CLANG_CXX_LANGUAGE_STANDARD = "gnu++17";
				CLANG_ENABLE_MODULES = YES;
				CLANG_ENABLE_OBJC_ARC = YES;
				CLANG_ENABLE_OBJC_WEAK = YES;
				CLANG_WARN_BLOCK_CAPTURE_AUTORELEASING = YES;
				CLANG_WARN_BOOL_CONVERSION = YES;
				CLANG_WARN_COMMA = YES;
				CLANG_WARN_CONSTANT_CONVERSION = YES;
				CLANG_WARN_DEPRECATED_OBJC_IMPLEMENTATIONS = YES;
				CLANG_WARN_DIRECT_OBJC_ISA_USAGE = YES_ERROR;
				CLANG_WARN_DOCUMENTATION_COMMENTS = YES;
				CLANG_WARN_EMPTY_BODY = YES;
				CLANG_WARN_ENUM_CONVERSION = YES;
				CLANG_WARN_INFINITE_RECURSION = YES;
				CLANG_WARN_INT_CONVERSION = YES;
				CLANG_WARN_NON_LITERAL_NULL_CONVERSION = YES;
				CLANG_WARN_OBJC_IMPLICIT_RETAIN_SELF = YES;
				CLANG_WARN_OBJC_LITERAL_CONVERSION = YES;
				CLANG_WARN_OBJC_ROOT_CLASS = YES_ERROR;
				CLANG_WARN_QUOTED_INCLUDE_IN_FRAMEWORK_HEADER = YES;
				CLANG_WARN_RANGE_LOOP_ANALYSIS = YES;
				CLANG_WARN_STRICT_PROTOTYPES = YES;
				CLANG_WARN_SUSPICIOUS_MOVE = YES;
				CLANG_WARN_UNGUARDED_AVAILABILITY = YES_AGGRESSIVE;
				CLANG_WARN_UNREACHABLE_CODE = YES;
				CLANG_WARN__DUPLICATE_METHOD_MATCH = YES;
				COPY_PHASE_STRIP = NO;
				DEBUG_INFORMATION_FORMAT = dwarf;
				ENABLE_STRICT_OBJC_MSGSEND = YES;
				ENABLE_TESTABILITY = YES;
				GCC_C_LANGUAGE_STANDARD = gnu11;
				GCC_DYNAMIC_NO_PIC = NO;
				GCC_NO_COMMON_BLOCKS = YES;
				GCC_OPTIMIZATION_LEVEL = 0;
				GCC_PREPROCESSOR_DEFINITIONS = (
					"DEBUG=1",
					"$(inherited)",
				);
				GCC_WARN_64_TO_32_BIT_CONVERSION = YES;
				GCC_WARN_ABOUT_RETURN_TYPE = YES_ERROR;
				GCC_WARN_UNDECLARED_SELECTOR = YES;
				GCC_WARN_UNINITIALIZED_AUTOS = YES_AGGRESSIVE;
				GCC_WARN_UNUSED_FUNCTION = YES;
				GCC_WARN_UNUSED_VARIABLE = YES;
				IPHONEOS_DEPLOYMENT_TARGET = 15.4;
				MTL_ENABLE_DEBUG_INFO = INCLUDE_SOURCE;
				MTL_FAST_MATH = YES;
				ONLY_ACTIVE_ARCH = YES;
				SDKROOT = iphoneos;
				SWIFT_ACTIVE_COMPILATION_CONDITIONS = DEBUG;
				SWIFT_OPTIMIZATION_LEVEL = "-Onone";
			};
			name = Debug;
		};
		BD1C899527EF433500292DD1 /* Release */ = {
			isa = XCBuildConfiguration;
			buildSettings = {
				ALWAYS_SEARCH_USER_PATHS = NO;
				CLANG_ANALYZER_NONNULL = YES;
				CLANG_ANALYZER_NUMBER_OBJECT_CONVERSION = YES_AGGRESSIVE;
				CLANG_CXX_LANGUAGE_STANDARD = "gnu++17";
				CLANG_ENABLE_MODULES = YES;
				CLANG_ENABLE_OBJC_ARC = YES;
				CLANG_ENABLE_OBJC_WEAK = YES;
				CLANG_WARN_BLOCK_CAPTURE_AUTORELEASING = YES;
				CLANG_WARN_BOOL_CONVERSION = YES;
				CLANG_WARN_COMMA = YES;
				CLANG_WARN_CONSTANT_CONVERSION = YES;
				CLANG_WARN_DEPRECATED_OBJC_IMPLEMENTATIONS = YES;
				CLANG_WARN_DIRECT_OBJC_ISA_USAGE = YES_ERROR;
				CLANG_WARN_DOCUMENTATION_COMMENTS = YES;
				CLANG_WARN_EMPTY_BODY = YES;
				CLANG_WARN_ENUM_CONVERSION = YES;
				CLANG_WARN_INFINITE_RECURSION = YES;
				CLANG_WARN_INT_CONVERSION = YES;
				CLANG_WARN_NON_LITERAL_NULL_CONVERSION = YES;
				CLANG_WARN_OBJC_IMPLICIT_RETAIN_SELF = YES;
				CLANG_WARN_OBJC_LITERAL_CONVERSION = YES;
				CLANG_WARN_OBJC_ROOT_CLASS = YES_ERROR;
				CLANG_WARN_QUOTED_INCLUDE_IN_FRAMEWORK_HEADER = YES;
				CLANG_WARN_RANGE_LOOP_ANALYSIS = YES;
				CLANG_WARN_STRICT_PROTOTYPES = YES;
				CLANG_WARN_SUSPICIOUS_MOVE = YES;
				CLANG_WARN_UNGUARDED_AVAILABILITY = YES_AGGRESSIVE;
				CLANG_WARN_UNREACHABLE_CODE = YES;
				CLANG_WARN__DUPLICATE_METHOD_MATCH = YES;
				COPY_PHASE_STRIP = NO;
				DEBUG_INFORMATION_FORMAT = "dwarf-with-dsym";
				ENABLE_NS_ASSERTIONS = NO;
				ENABLE_STRICT_OBJC_MSGSEND = YES;
				GCC_C_LANGUAGE_STANDARD = gnu11;
				GCC_NO_COMMON_BLOCKS = YES;
				GCC_WARN_64_TO_32_BIT_CONVERSION = YES;
				GCC_WARN_ABOUT_RETURN_TYPE = YES_ERROR;
				GCC_WARN_UNDECLARED_SELECTOR = YES;
				GCC_WARN_UNINITIALIZED_AUTOS = YES_AGGRESSIVE;
				GCC_WARN_UNUSED_FUNCTION = YES;
				GCC_WARN_UNUSED_VARIABLE = YES;
				IPHONEOS_DEPLOYMENT_TARGET = 15.4;
				MTL_ENABLE_DEBUG_INFO = NO;
				MTL_FAST_MATH = YES;
				SDKROOT = iphoneos;
				SWIFT_COMPILATION_MODE = wholemodule;
				SWIFT_OPTIMIZATION_LEVEL = "-O";
				VALIDATE_PRODUCT = YES;
			};
			name = Release;
		};
		BD1C899727EF433500292DD1 /* Debug */ = {
			isa = XCBuildConfiguration;
			baseConfigurationReference = 61F77BF3BF949673AC1D96A8 /* Pods-instaClone.debug.xcconfig */;
			buildSettings = {
				ASSETCATALOG_COMPILER_APPICON_NAME = AppIcon;
				ASSETCATALOG_COMPILER_GLOBAL_ACCENT_COLOR_NAME = AccentColor;
				CODE_SIGN_STYLE = Automatic;
				CURRENT_PROJECT_VERSION = 1;
				DEVELOPMENT_TEAM = YPXDVQFQ53;
				GENERATE_INFOPLIST_FILE = YES;
				INFOPLIST_FILE = instaClone/Info.plist;
				INFOPLIST_KEY_UIApplicationSupportsIndirectInputEvents = YES;
				INFOPLIST_KEY_UILaunchStoryboardName = LaunchScreen;
				INFOPLIST_KEY_UIMainStoryboardFile = Main;
				INFOPLIST_KEY_UISupportedInterfaceOrientations = UIInterfaceOrientationPortrait;
				INFOPLIST_KEY_UISupportedInterfaceOrientations_iPad = "UIInterfaceOrientationPortrait UIInterfaceOrientationPortraitUpsideDown UIInterfaceOrientationLandscapeLeft UIInterfaceOrientationLandscapeRight";
				INFOPLIST_KEY_UISupportedInterfaceOrientations_iPhone = "UIInterfaceOrientationPortrait UIInterfaceOrientationLandscapeLeft UIInterfaceOrientationLandscapeRight";
				LD_RUNPATH_SEARCH_PATHS = (
					"$(inherited)",
					"@executable_path/Frameworks",
				);
				MARKETING_VERSION = 1.0;
				PRODUCT_BUNDLE_IDENTIFIER = fedir72.instaClone;
				PRODUCT_NAME = "$(TARGET_NAME)";
				SWIFT_EMIT_LOC_STRINGS = YES;
				SWIFT_VERSION = 5.0;
				TARGETED_DEVICE_FAMILY = 1;
			};
			name = Debug;
		};
		BD1C899827EF433500292DD1 /* Release */ = {
			isa = XCBuildConfiguration;
			baseConfigurationReference = 2DF002123C5F44B3CC83D762 /* Pods-instaClone.release.xcconfig */;
			buildSettings = {
				ASSETCATALOG_COMPILER_APPICON_NAME = AppIcon;
				ASSETCATALOG_COMPILER_GLOBAL_ACCENT_COLOR_NAME = AccentColor;
				CODE_SIGN_STYLE = Automatic;
				CURRENT_PROJECT_VERSION = 1;
				DEVELOPMENT_TEAM = YPXDVQFQ53;
				GENERATE_INFOPLIST_FILE = YES;
				INFOPLIST_FILE = instaClone/Info.plist;
				INFOPLIST_KEY_UIApplicationSupportsIndirectInputEvents = YES;
				INFOPLIST_KEY_UILaunchStoryboardName = LaunchScreen;
				INFOPLIST_KEY_UIMainStoryboardFile = Main;
				INFOPLIST_KEY_UISupportedInterfaceOrientations = UIInterfaceOrientationPortrait;
				INFOPLIST_KEY_UISupportedInterfaceOrientations_iPad = "UIInterfaceOrientationPortrait UIInterfaceOrientationPortraitUpsideDown UIInterfaceOrientationLandscapeLeft UIInterfaceOrientationLandscapeRight";
				INFOPLIST_KEY_UISupportedInterfaceOrientations_iPhone = "UIInterfaceOrientationPortrait UIInterfaceOrientationLandscapeLeft UIInterfaceOrientationLandscapeRight";
				LD_RUNPATH_SEARCH_PATHS = (
					"$(inherited)",
					"@executable_path/Frameworks",
				);
				MARKETING_VERSION = 1.0;
				PRODUCT_BUNDLE_IDENTIFIER = fedir72.instaClone;
				PRODUCT_NAME = "$(TARGET_NAME)";
				SWIFT_EMIT_LOC_STRINGS = YES;
				SWIFT_VERSION = 5.0;
				TARGETED_DEVICE_FAMILY = 1;
			};
			name = Release;
		};
/* End XCBuildConfiguration section */

/* Begin XCConfigurationList section */
		BD1C897D27EF433300292DD1 /* Build configuration list for PBXProject "instaClone" */ = {
			isa = XCConfigurationList;
			buildConfigurations = (
				BD1C899427EF433500292DD1 /* Debug */,
				BD1C899527EF433500292DD1 /* Release */,
			);
			defaultConfigurationIsVisible = 0;
			defaultConfigurationName = Release;
		};
		BD1C899627EF433500292DD1 /* Build configuration list for PBXNativeTarget "instaClone" */ = {
			isa = XCConfigurationList;
			buildConfigurations = (
				BD1C899727EF433500292DD1 /* Debug */,
				BD1C899827EF433500292DD1 /* Release */,
			);
			defaultConfigurationIsVisible = 0;
			defaultConfigurationName = Release;
		};
/* End XCConfigurationList section */
	};
	rootObject = BD1C897A27EF433300292DD1 /* Project object */;
}
